
Microsoft Visual Studio Solution File, Format Version 12.00
# Visual Studio Version 17
VisualStudioVersion = 17.8.34330.188
MinimumVisualStudioVersion = 10.0.40219.1
Project("{FAE04EC0-301F-11D3-BF4B-00C04F79EFBC}") = "Examen", "Examen\Examen.csproj", "{7A4504AF-0483-4C75-B569-37F4C8649C69}"
EndProject
Global
	GlobalSection(SolutionConfigurationPlatforms) = preSolution
		Debug|Any CPU = Debug|Any CPU
		Release|Any CPU = Release|Any CPU
	EndGlobalSection
	GlobalSection(ProjectConfigurationPlatforms) = postSolution
		{7A4504AF-0483-4C75-B569-37F4C8649C69}.Debug|Any CPU.ActiveCfg = Debug|Any CPU
		{7A4504AF-0483-4C75-B569-37F4C8649C69}.Debug|Any CPU.Build.0 = Debug|Any CPU
		{7A4504AF-0483-4C75-B569-37F4C8649C69}.Release|Any CPU.ActiveCfg = Release|Any CPU
		{7A4504AF-0483-4C75-B569-37F4C8649C69}.Release|Any CPU.Build.0 = Release|Any CPU
	EndGlobalSection
	GlobalSection(SolutionProperties) = preSolution
		HideSolutionNode = FALSE
	EndGlobalSection
	GlobalSection(ExtensibilityGlobals) = postSolution
		SolutionGuid = {30F1FD35-952C-4FB0-83FC-0B3A9F164965}
	EndGlobalSection
EndGlobal
